DEPENDENCIES
  cti_orchestrator
    path: ../gcb_chef_cookbook-aws_orchestrator
  orchestrator_ec2_wrapper
    path: .
    metadata: true

GRAPH
  apt (4.0.1)
    compat_resource (>= 12.10)
  build-essential (6.0.0)
    compat_resource (>= 12.10)
    mingw (>= 1.1)
    seven_zip (>= 0.0.0)
  chef_handler (1.4.0)
  compat_resource (12.10.6)
  cti_orchestrator (0.1.0)
    docker (~> 2.0)
    enforce_supported_platform (>= 0.0.0)
    git (>= 0.0.0)
    java (>= 0.0.0)
    jenkins (>= 0.0.0)
    magic_shell (~> 1.0.0)
    yum-epel (>= 0.0.0)
  dmg (2.4.0)
  docker (2.9.2)
    compat_resource (>= 12.9.0)
  enforce_supported_platform (1.0.0)
  git (4.6.0)
    build-essential (>= 0.0.0)
    dmg (>= 0.0.0)
    windows (>= 0.0.0)
    yum-epel (>= 0.0.0)
  homebrew (2.1.0)
    build-essential (>= 2.1.2)
  java (1.40.4)
    apt (>= 0.0.0)
    homebrew (>= 0.0.0)
    windows (>= 0.0.0)
  jenkins (2.6.0)
    apt (>= 2.0)
    runit (~> 1.7)
    yum (~> 3.0)
  magic_shell (1.0.0)
  mingw (1.2.2)
    compat_resource (>= 0.0.0)
    seven_zip (>= 0.0.0)
  orchestrator_ec2_wrapper (0.1.0)
    cti_orchestrator (>= 0.0.0)
    yum (>= 0.0.0)
  packagecloud (0.2.4)
  runit (1.7.8)
    packagecloud (>= 0.0.0)
  seven_zip (2.0.1)
    windows (>= 1.2.2)
  windows (1.44.1)
    chef_handler (>= 0.0.0)
  yum (3.11.0)
  yum-epel (0.7.0)
    yum (>= 3.6.3)
